// !$*UTF8*$!
{
	archiveVersion = 1;
	classes = {
	};
	objectVersion = 77;
	objects = {

/* Begin PBXBuildFile section */
		9F148B35D3C2888BAAD6FBA0 /* LaunchAtLogin in Frameworks */ = {isa = PBXBuildFile; productRef = 5DB14473A117A60327BBDFCD /* LaunchAtLogin */; };
		B069E02A54015A8F6C6D98BA /* ColorfulX in Frameworks */ = {isa = PBXBuildFile; productRef = A030CD5F290162AC48A8B8A2 /* ColorfulX */; };
		B3D7AE202422AADC263EAC6F /* Collections in Frameworks */ = {isa = PBXBuildFile; productRef = 934DFCB7407EA3F1A0E870C8 /* Collections */; };
		D87B3B7607E4368D45BC7F91 /* Pow in Frameworks */ = {isa = PBXBuildFile; productRef = 846B7E00AFBD60B900EE27E1 /* Pow */; };
/* End PBXBuildFile section */

/* Begin PBXFileReference section */
		80693EF32FE6F49900BFBC49 /* Espaste.app */ = {isa = PBXFileReference; explicitFileType = wrapper.application; includeInIndex = 0; path = Espaste.app; sourceTree = BUILT_PRODUCTS_DIR; };
/* End PBXFileReference section */

/* Begin PBXFileSystemSynchronizedRootGroup section */
		80693EF52FE6F49900BFBC49 /* Espaste */ = {
			isa = PBXFileSystemSynchronizedRootGroup;
			exceptions = (
			);
			path = Espaste;
			sourceTree = "<group>";
		};
/* End PBXFileSystemSynchronizedRootGroup section */

/* Begin PBXFrameworksBuildPhase section */
		80693EF02FE6F49900BFBC49 /* Frameworks */ = {
			isa = PBXFrameworksBuildPhase;
			buildActionMask = 2147483647;
			files = (
				B069E02A54015A8F6C6D98BA /* ColorfulX in Frameworks */,
				9F148B35D3C2888BAAD6FBA0 /* LaunchAtLogin in Frameworks */,
				D87B3B7607E4368D45BC7F91 /* Pow in Frameworks */,
				B3D7AE202422AADC263EAC6F /* Collections in Frameworks */,
			);
			runOnlyForDeploymentPostprocessing = 0;
		};
/* End PBXFrameworksBuildPhase section */

/* Begin PBXGroup section */
		80693EEA2FE6F49900BFBC49 = {
			isa = PBXGroup;
			children = (
				80693EF52FE6F49900BFBC49 /* Espaste */,
				80693EF42FE6F49900BFBC49 /* Products */,
			);
			sourceTree = "<group>";
		};
		80693EF42FE6F49900BFBC49 /* Products */ = {
			isa = PBXGroup;
			children = (
				80693EF32FE6F49900BFBC49 /* Espaste.app */,
			);
			name = Products;
			sourceTree = "<group>";
		};
/* End PBXGroup section */

/* Begin PBXNativeTarget section */
		80693EF22FE6F49900BFBC49 /* Espaste */ = {
			isa = PBXNativeTarget;
			buildConfigurationList = 80693F002FE6F49A00BFBC49 /* Build configuration list for PBXNativeTarget "Espaste" */;
			buildPhases = (
				80693EEF2FE6F49900BFBC49 /* Sources */,
				80693EF02FE6F49900BFBC49 /* Frameworks */,
				80693EF12FE6F49900BFBC49 /* Resources */,
			);
			buildRules = (
			);
			dependencies = (
			);
			fileSystemSynchronizedGroups = (
				80693EF52FE6F49900BFBC49 /* Espaste */,
			);
			name = Espaste;
			packageProductDependencies = (
				A030CD5F290162AC48A8B8A2 /* ColorfulX */,
				5DB14473A117A60327BBDFCD /* LaunchAtLogin */,
				846B7E00AFBD60B900EE27E1 /* Pow */,
				934DFCB7407EA3F1A0E870C8 /* Collections */,
			);
			productName = Espaste;
			productReference = 80693EF32FE6F49900BFBC49 /* Espaste.app */;
			productType = "com.apple.product-type.application";
		};
/* End PBXNativeTarget section */

/* Begin PBXProject section */
		80693EEB2FE6F49900BFBC49 /* Project object */ = {
			isa = PBXProject;
			attributes = {
				BuildIndependentTargetsInParallel = 1;
				LastSwiftUpdateCheck = 2650;
				LastUpgradeCheck = 2650;
				TargetAttributes = {
					80693EF22FE6F49900BFBC49 = {
						CreatedOnToolsVersion = 26.5;
					};
				};
			};
			buildConfigurationList = 80693EEE2FE6F49900BFBC49 /* Build configuration list for PBXProject "Espaste" */;
			developmentRegion = en;
			hasScannedForEncodings = 0;
			knownRegions = (
				en,
				Base,
			);
			mainGroup = 80693EEA2FE6F49900BFBC49;
			minimizedProjectReferenceProxies = 1;
			packageReferences = (
				4124601C8F57C9D4FA6E6BF9 /* XCRemoteSwiftPackageReference "ColorfulX" */,
				317C4F18E840D3EB01C3691D /* XCRemoteSwiftPackageReference "LaunchAtLogin-Modern" */,
				4D6CA1BA76D89DF119B8442C /* XCRemoteSwiftPackageReference "Pow" */,
				15BC5C80BF8D7BF0BB72FFFD /* XCRemoteSwiftPackageReference "swift-collections" */,
			);
			preferredProjectObjectVersion = 77;
			productRefGroup = 80693EF42FE6F49900BFBC49 /* Products */;
			projectDirPath = "";
			projectRoot = "";
			targets = (
				80693EF22FE6F49900BFBC49 /* Espaste */,
			);
		};
/* End PBXProject section */

/* Begin PBXResourcesBuildPhase section */
		80693EF12FE6F49900BFBC49 /* Resources */ = {
			isa = PBXResourcesBuildPhase;
			buildActionMask = 2147483647;
			files = (
			);
			runOnlyForDeploymentPostprocessing = 0;
		};
/* End PBXResourcesBuildPhase section */

/* Begin PBXSourcesBuildPhase section */
		80693EEF2FE6F49900BFBC49 /* Sources */ = {
			isa = PBXSourcesBuildPhase;
			buildActionMask = 2147483647;
			files = (
			);
			runOnlyForDeploymentPostprocessing = 0;
		};
/* End PBXSourcesBuildPhase section */

/* Begin XCBuildConfiguration section */
		80693EFE2FE6F49A00BFBC49 /* Debug */ = {
			isa = XCBuildConfiguration;
			buildSettings = {
				ALWAYS_SEARCH_USER_PATHS = NO;
				ASSETCATALOG_COMPILER_GENERATE_SWIFT_ASSET_SYMBOL_EXTENSIONS = YES;
				CLANG_ANALYZER_NONNULL = YES;
				CLANG_ANALYZER_NUMBER_OBJECT_CONVERSION = YES_AGGRESSIVE;
				CLANG_CXX_LANGUAGE_STANDARD = "gnu++20";
				CLANG_ENABLE_MODULES = YES;
				CLANG_ENABLE_OBJC_ARC = YES;
				CLANG_ENABLE_OBJC_WEAK = YES;
				CLANG_WARN_BLOCK_CAPTURE_AUTORELEASING = YES;
				CLANG_WARN_BOOL_CONVERSION = YES;
				CLANG_WARN_COMMA = YES;
				CLANG_WARN_CONSTANT_CONVERSION = YES;
				CLANG_WARN_DEPRECATED_OBJC_IMPLEMENTATIONS = YES;
				CLANG_WARN_DIRECT_OBJC_ISA_USAGE = YES_ERROR;
				CLANG_WARN_DOCUMENTATION_COMMENTS = YES;
				CLANG_WARN_EMPTY_BODY = YES;
				CLANG_WARN_ENUM_CONVERSION = YES;
				CLANG_WARN_INFINITE_RECURSION = YES;
				CLANG_WARN_INT_CONVERSION = YES;
				CLANG_WARN_NON_LITERAL_NULL_CONVERSION = YES;
				CLANG_WARN_OBJC_IMPLICIT_RETAIN_SELF = YES;
				CLANG_WARN_OBJC_LITERAL_CONVERSION = YES;
				CLANG_WARN_OBJC_ROOT_CLASS = YES_ERROR;
				CLANG_WARN_QUOTED_INCLUDE_IN_FRAMEWORK_HEADER = YES;
				CLANG_WARN_RANGE_LOOP_ANALYSIS = YES;
				CLANG_WARN_STRICT_PROTOTYPES = YES;
				CLANG_WARN_SUSPICIOUS_MOVE = YES;
				CLANG_WARN_UNGUARDED_AVAILABILITY = YES_AGGRESSIVE;
				CLANG_WARN_UNREACHABLE_CODE = YES;
				CLANG_WARN__DUPLICATE_METHOD_MATCH = YES;
				COPY_PHASE_STRIP = NO;
				DEBUG_INFORMATION_FORMAT = dwarf;
				DEVELOPMENT_TEAM = VZ4T2DGGN5;
				ENABLE_STRICT_OBJC_MSGSEND = YES;
				ENABLE_TESTABILITY = YES;
				ENABLE_USER_SCRIPT_SANDBOXING = YES;
				GCC_C_LANGUAGE_STANDARD = gnu17;
				GCC_DYNAMIC_NO_PIC = NO;
				GCC_NO_COMMON_BLOCKS = YES;
				GCC_OPTIMIZATION_LEVEL = 0;
				GCC_PREPROCESSOR_DEFINITIONS = (
					"DEBUG=1",
					"$(inherited)",
				);
				GCC_WARN_64_TO_32_BIT_CONVERSION = YES;
				GCC_WARN_ABOUT_RETURN_TYPE = YES_ERROR;
				GCC_WARN_UNDECLARED_SELECTOR = YES;
				GCC_WARN_UNINITIALIZED_AUTOS = YES_AGGRESSIVE;
				GCC_WARN_UNUSED_FUNCTION = YES;
				GCC_WARN_UNUSED_VARIABLE = YES;
				LOCALIZATION_PREFERS_STRING_CATALOGS = YES;
				MTL_ENABLE_DEBUG_INFO = INCLUDE_SOURCE;
				MTL_FAST_MATH = YES;
				ONLY_ACTIVE_ARCH = YES;
				SWIFT_ACTIVE_COMPILATION_CONDITIONS = "DEBUG $(inherited)";
				SWIFT_OPTIMIZATION_LEVEL = "-Onone";
			};
			name = Debug;
		};
		80693EFF2FE6F49A00BFBC49 /* Release */ = {
			isa = XCBuildConfiguration;
			buildSettings = {
				ALWAYS_SEARCH_USER_PATHS = NO;
				ASSETCATALOG_COMPILER_GENERATE_SWIFT_ASSET_SYMBOL_EXTENSIONS = YES;
				CLANG_ANALYZER_NONNULL = YES;
				CLANG_ANALYZER_NUMBER_OBJECT_CONVERSION = YES_AGGRESSIVE;
				CLANG_CXX_LANGUAGE_STANDARD = "gnu++20";
				CLANG_ENABLE_MODULES = YES;
				CLANG_ENABLE_OBJC_ARC = YES;
				CLANG_ENABLE_OBJC_WEAK = YES;
				CLANG_WARN_BLOCK_CAPTURE_AUTORELEASING = YES;
				CLANG_WARN_BOOL_CONVERSION = YES;
				CLANG_WARN_COMMA = YES;
				CLANG_WARN_CONSTANT_CONVERSION = YES;
				CLANG_WARN_DEPRECATED_OBJC_IMPLEMENTATIONS = YES;
				CLANG_WARN_DIRECT_OBJC_ISA_USAGE = YES_ERROR;
				CLANG_WARN_DOCUMENTATION_COMMENTS = YES;
				CLANG_WARN_EMPTY_BODY = YES;
				CLANG_WARN_ENUM_CONVERSION = YES;
				CLANG_WARN_INFINITE_RECURSION = YES;
				CLANG_WARN_INT_CONVERSION = YES;
				CLANG_WARN_NON_LITERAL_NULL_CONVERSION = YES;
				CLANG_WARN_OBJC_IMPLICIT_RETAIN_SELF = YES;
				CLANG_WARN_OBJC_LITERAL_CONVERSION = YES;
				CLANG_WARN_OBJC_ROOT_CLASS = YES_ERROR;
				CLANG_WARN_QUOTED_INCLUDE_IN_FRAMEWORK_HEADER = YES;
				CLANG_WARN_RANGE_LOOP_ANALYSIS = YES;
				CLANG_WARN_STRICT_PROTOTYPES = YES;
				CLANG_WARN_SUSPICIOUS_MOVE = YES;
				CLANG_WARN_UNGUARDED_AVAILABILITY = YES_AGGRESSIVE;
				CLANG_WARN_UNREACHABLE_CODE = YES;
				CLANG_WARN__DUPLICATE_METHOD_MATCH = YES;
				COPY_PHASE_STRIP = NO;
				DEBUG_INFORMATION_FORMAT = "dwarf-with-dsym";
				DEVELOPMENT_TEAM = VZ4T2DGGN5;
				ENABLE_NS_ASSERTIONS = NO;
				ENABLE_STRICT_OBJC_MSGSEND = YES;
				ENABLE_USER_SCRIPT_SANDBOXING = YES;
				GCC_C_LANGUAGE_STANDARD = gnu17;
				GCC_NO_COMMON_BLOCKS = YES;
				GCC_WARN_64_TO_32_BIT_CONVERSION = YES;
				GCC_WARN_ABOUT_RETURN_TYPE = YES_ERROR;
				GCC_WARN_UNDECLARED_SELECTOR = YES;
				GCC_WARN_UNINITIALIZED_AUTOS = YES_AGGRESSIVE;
				GCC_WARN_UNUSED_FUNCTION = YES;
				GCC_WARN_UNUSED_VARIABLE = YES;
				LOCALIZATION_PREFERS_STRING_CATALOGS = YES;
				MTL_ENABLE_DEBUG_INFO = NO;
				MTL_FAST_MATH = YES;
				SWIFT_COMPILATION_MODE = wholemodule;
			};
			name = Release;
		};
		80693F012FE6F49A00BFBC49 /* Debug */ = {
			isa = XCBuildConfiguration;
			buildSettings = {
				ASSETCATALOG_COMPILER_APPICON_NAME = AppIcon;
				ASSETCATALOG_COMPILER_GLOBAL_ACCENT_COLOR_NAME = AccentColor;
				CODE_SIGN_STYLE = Automatic;
				CURRENT_PROJECT_VERSION = 1;
				DEVELOPMENT_TEAM = VZ4T2DGGN5;
				ENABLE_APP_SANDBOX = NO;
				ENABLE_HARDENED_RUNTIME = YES;
				ENABLE_PREVIEWS = YES;
				GENERATE_INFOPLIST_FILE = YES;
				INFOPLIST_KEY_LSUIElement = YES;
				LD_RUNPATH_SEARCH_PATHS = "@executable_path/../Frameworks";
				MACOSX_DEPLOYMENT_TARGET = 26.0;
				MARKETING_VERSION = 1.0;
				PRODUCT_BUNDLE_IDENTIFIER = belzit.Espaste;
				PRODUCT_NAME = "$(TARGET_NAME)";
				SDKROOT = macosx;
				STRING_CATALOG_GENERATE_SYMBOLS = YES;
				SUPPORTED_PLATFORMS = macosx;
				SWIFT_APPROACHABLE_CONCURRENCY = YES;
				SWIFT_DEFAULT_ACTOR_ISOLATION = MainActor;
				SWIFT_EMIT_LOC_STRINGS = YES;
				SWIFT_UPCOMING_FEATURE_MEMBER_IMPORT_VISIBILITY = YES;
				SWIFT_VERSION = 5.0;
			};
			name = Debug;
		};
		80693F022FE6F49A00BFBC49 /* Release */ = {
			isa = XCBuildConfiguration;
			buildSettings = {
				ASSETCATALOG_COMPILER_APPICON_NAME = AppIcon;
				ASSETCATALOG_COMPILER_GLOBAL_ACCENT_COLOR_NAME = AccentColor;
				CODE_SIGN_STYLE = Automatic;
				CURRENT_PROJECT_VERSION = 1;
				DEVELOPMENT_TEAM = VZ4T2DGGN5;
				ENABLE_APP_SANDBOX = NO;
				ENABLE_HARDENED_RUNTIME = YES;
				ENABLE_PREVIEWS = YES;
				GENERATE_INFOPLIST_FILE = YES;
				INFOPLIST_KEY_LSUIElement = YES;
				LD_RUNPATH_SEARCH_PATHS = "@executable_path/../Frameworks";
				MACOSX_DEPLOYMENT_TARGET = 26.0;
				MARKETING_VERSION = 1.0;
				PRODUCT_BUNDLE_IDENTIFIER = belzit.Espaste;
				PRODUCT_NAME = "$(TARGET_NAME)";
				SDKROOT = macosx;
				STRING_CATALOG_GENERATE_SYMBOLS = YES;
				SUPPORTED_PLATFORMS = macosx;
				SWIFT_APPROACHABLE_CONCURRENCY = YES;
				SWIFT_DEFAULT_ACTOR_ISOLATION = MainActor;
				SWIFT_EMIT_LOC_STRINGS = YES;
				SWIFT_UPCOMING_FEATURE_MEMBER_IMPORT_VISIBILITY = YES;
				SWIFT_VERSION = 5.0;
			};
			name = Release;
		};
/* End XCBuildConfiguration section */

/* Begin XCConfigurationList section */
		80693EEE2FE6F49900BFBC49 /* Build configuration list for PBXProject "Espaste" */ = {
			isa = XCConfigurationList;
			buildConfigurations = (
				80693EFE2FE6F49A00BFBC49 /* Debug */,
				80693EFF2FE6F49A00BFBC49 /* Release */,
			);
			defaultConfigurationIsVisible = 0;
			defaultConfigurationName = Release;
		};
		80693F002FE6F49A00BFBC49 /* Build configuration list for PBXNativeTarget "Espaste" */ = {
			isa = XCConfigurationList;
			buildConfigurations = (
				80693F012FE6F49A00BFBC49 /* Debug */,
				80693F022FE6F49A00BFBC49 /* Release */,
			);
			defaultConfigurationIsVisible = 0;
			defaultConfigurationName = Release;
		};
/* End XCConfigurationList section */

/* Begin XCRemoteSwiftPackageReference section */
		15BC5C80BF8D7BF0BB72FFFD /* XCRemoteSwiftPackageReference "swift-collections" */ = {
			isa = XCRemoteSwiftPackageReference;
			repositoryURL = "https://github.com/apple/swift-collections.git";
			requirement = {
				kind = upToNextMajorVersion;
				minimumVersion = 1.1.0;
			};
		};
		317C4F18E840D3EB01C3691D /* XCRemoteSwiftPackageReference "LaunchAtLogin-Modern" */ = {
			isa = XCRemoteSwiftPackageReference;
			repositoryURL = "https://github.com/sindresorhus/LaunchAtLogin-Modern";
			requirement = {
				kind = upToNextMajorVersion;
				minimumVersion = 1.1.0;
			};
		};
		4124601C8F57C9D4FA6E6BF9 /* XCRemoteSwiftPackageReference "ColorfulX" */ = {
			isa = XCRemoteSwiftPackageReference;
			repositoryURL = "https://github.com/Lakr233/ColorfulX";
			requirement = {
				kind = upToNextMajorVersion;
				minimumVersion = 5.7.0;
			};
		};
		4D6CA1BA76D89DF119B8442C /* XCRemoteSwiftPackageReference "Pow" */ = {
			isa = XCRemoteSwiftPackageReference;
			repositoryURL = "https://github.com/EmergeTools/Pow";
			requirement = {
				kind = upToNextMajorVersion;
				minimumVersion = 1.0.0;
			};
		};
/* End XCRemoteSwiftPackageReference section */

/* Begin XCSwiftPackageProductDependency section */
		5DB14473A117A60327BBDFCD /* LaunchAtLogin */ = {
			isa = XCSwiftPackageProductDependency;
			package = 317C4F18E840D3EB01C3691D /* XCRemoteSwiftPackageReference "LaunchAtLogin-Modern" */;
			productName = LaunchAtLogin;
		};
		846B7E00AFBD60B900EE27E1 /* Pow */ = {
			isa = XCSwiftPackageProductDependency;
			package = 4D6CA1BA76D89DF119B8442C /* XCRemoteSwiftPackageReference "Pow" */;
			productName = Pow;
		};
		934DFCB7407EA3F1A0E870C8 /* Collections */ = {
			isa = XCSwiftPackageProductDependency;
			package = 15BC5C80BF8D7BF0BB72FFFD /* XCRemoteSwiftPackageReference "swift-collections" */;
			productName = Collections;
		};
		A030CD5F290162AC48A8B8A2 /* ColorfulX */ = {
			isa = XCSwiftPackageProductDependency;
			package = 4124601C8F57C9D4FA6E6BF9 /* XCRemoteSwiftPackageReference "ColorfulX" */;
			productName = ColorfulX;
		};
/* End XCSwiftPackageProductDependency section */
	};
	rootObject = 80693EEB2FE6F49900BFBC49 /* Project object */;
}
